
Microsoft Visual Studio Solution File, Format Version 12.00
# Visual Studio 15
VisualStudioVersion = 15.0.27130.2026
MinimumVisualStudioVersion = 10.0.40219.1
Project("{FAE04EC0-301F-11D3-BF4B-00C04F79EFBC}") = "Backend", "Backend\Backend.csproj", "{CDEF96CE-2B6D-475B-9939-9CA9BB1EFA15}"
EndProject
Global
	GlobalSection(SolutionConfigurationPlatforms) = preSolution
		Debug|Any CPU = Debug|Any CPU
		Release|Any CPU = Release|Any CPU
	EndGlobalSection
	GlobalSection(ProjectConfigurationPlatforms) = postSolution
		{CDEF96CE-2B6D-475B-9939-9CA9BB1EFA15}.Debug|Any CPU.ActiveCfg = Debug|Any CPU
		{CDEF96CE-2B6D-475B-9939-9CA9BB1EFA15}.Debug|Any CPU.Build.0 = Debug|Any CPU
		{CDEF96CE-2B6D-475B-9939-9CA9BB1EFA15}.Release|Any CPU.ActiveCfg = Release|Any CPU
		{CDEF96CE-2B6D-475B-9939-9CA9BB1EFA15}.Release|Any CPU.Build.0 = Release|Any CPU
	EndGlobalSection
	GlobalSection(SolutionProperties) = preSolution
		HideSolutionNode = FALSE
	EndGlobalSection
	GlobalSection(ExtensibilityGlobals) = postSolution
		SolutionGuid = {44CD31A6-4049-4BA5-A695-83DF39257E6F}
	EndGlobalSection
EndGlobal
